// !$*UTF8*$!
{
	archiveVersion = 1;
	classes = {
	};
	objectVersion = 56;
	objects = {

/* Begin PBXBuildFile section */
		3B9B98442B6FE05F0021588A /* BerealApp.swift in Sources */ = {isa = PBXBuildFile; fileRef = 3B9B98432B6FE05F0021588A /* BerealApp.swift */; };
		3B9B98462B6FE05F0021588A /* ContentView.swift in Sources */ = {isa = PBXBuildFile; fileRef = 3B9B98452B6FE05F0021588A /* ContentView.swift */; };
		3B9B98482B6FE0600021588A /* Assets.xcassets in Resources */ = {isa = PBXBuildFile; fileRef = 3B9B98472B6FE0600021588A /* Assets.xcassets */; };
		3B9B984C2B6FE0600021588A /* Preview Assets.xcassets in Resources */ = {isa = PBXBuildFile; fileRef = 3B9B984B2B6FE0600021588A /* Preview Assets.xcassets */; };
		3B9B98562B6FE0600021588A /* BerealTests.swift in Sources */ = {isa = PBXBuildFile; fileRef = 3B9B98552B6FE0600021588A /* BerealTests.swift */; };
		3B9B98602B6FE0610021588A /* BerealUITests.swift in Sources */ = {isa = PBXBuildFile; fileRef = 3B9B985F2B6FE0610021588A /* BerealUITests.swift */; };
		3B9B98622B6FE0610021588A /* BerealUITestsLaunchTests.swift in Sources */ = {isa = PBXBuildFile; fileRef = 3B9B98612B6FE0610021588A /* BerealUITestsLaunchTests.swift */; };
		3B9B98712B6FEB740021588A /* FeedView.swift in Sources */ = {isa = PBXBuildFile; fileRef = 3B9B98702B6FEB740021588A /* FeedView.swift */; };
		3B9B98732B6FEBE80021588A /* TestStack.swift in Sources */ = {isa = PBXBuildFile; fileRef = 3B9B98722B6FEBE80021588A /* TestStack.swift */; };
		3B9B98752B7023480021588A /* FeedCellView.swift in Sources */ = {isa = PBXBuildFile; fileRef = 3B9B98742B7023480021588A /* FeedCellView.swift */; };
/* End PBXBuildFile section */

/* Begin PBXContainerItemProxy section */
		3B9B98522B6FE0600021588A /* PBXContainerItemProxy */ = {
			isa = PBXContainerItemProxy;
			containerPortal = 3B9B98382B6FE05F0021588A /* Project object */;
			proxyType = 1;
			remoteGlobalIDString = 3B9B983F2B6FE05F0021588A;
			remoteInfo = Bereal;
		};
		3B9B985C2B6FE0610021588A /* PBXContainerItemProxy */ = {
			isa = PBXContainerItemProxy;
			containerPortal = 3B9B98382B6FE05F0021588A /* Project object */;
			proxyType = 1;
			remoteGlobalIDString = 3B9B983F2B6FE05F0021588A;
			remoteInfo = Bereal;
		};
/* End PBXContainerItemProxy section */

/* Begin PBXFileReference section */
		3B9B98402B6FE05F0021588A /* Bereal.app */ = {isa = PBXFileReference; explicitFileType = wrapper.application; includeInIndex = 0; path = Bereal.app; sourceTree = BUILT_PRODUCTS_DIR; };
		3B9B98432B6FE05F0021588A /* BerealApp.swift */ = {isa = PBXFileReference; lastKnownFileType = sourcecode.swift; path = BerealApp.swift; sourceTree = "<group>"; };
		3B9B98452B6FE05F0021588A /* ContentView.swift */ = {isa = PBXFileReference; lastKnownFileType = sourcecode.swift; path = ContentView.swift; sourceTree = "<group>"; };
		3B9B98472B6FE0600021588A /* Assets.xcassets */ = {isa = PBXFileReference; lastKnownFileType = folder.assetcatalog; path = Assets.xcassets; sourceTree = "<group>"; };
		3B9B98492B6FE0600021588A /* Bereal.entitlements */ = {isa = PBXFileReference; lastKnownFileType = text.plist.entitlements; path = Bereal.entitlements; sourceTree = "<group>"; };
		3B9B984B2B6FE0600021588A /* Preview Assets.xcassets */ = {isa = PBXFileReference; lastKnownFileType = folder.assetcatalog; path = "Preview Assets.xcassets"; sourceTree = "<group>"; };
		3B9B98512B6FE0600021588A /* BerealTests.xctest */ = {isa = PBXFileReference; explicitFileType = wrapper.cfbundle; includeInIndex = 0; path = BerealTests.xctest; sourceTree = BUILT_PRODUCTS_DIR; };
		3B9B98552B6FE0600021588A /* BerealTests.swift */ = {isa = PBXFileReference; lastKnownFileType = sourcecode.swift; path = BerealTests.swift; sourceTree = "<group>"; };
		3B9B985B2B6FE0610021588A /* BerealUITests.xctest */ = {isa = PBXFileReference; explicitFileType = wrapper.cfbundle; includeInIndex = 0; path = BerealUITests.xctest; sourceTree = BUILT_PRODUCTS_DIR; };
		3B9B985F2B6FE0610021588A /* BerealUITests.swift */ = {isa = PBXFileReference; lastKnownFileType = sourcecode.swift; path = BerealUITests.swift; sourceTree = "<group>"; };
		3B9B98612B6FE0610021588A /* BerealUITestsLaunchTests.swift */ = {isa = PBXFileReference; lastKnownFileType = sourcecode.swift; path = BerealUITestsLaunchTests.swift; sourceTree = "<group>"; };
		3B9B98702B6FEB740021588A /* FeedView.swift */ = {isa = PBXFileReference; lastKnownFileType = sourcecode.swift; path = FeedView.swift; sourceTree = "<group>"; };
		3B9B98722B6FEBE80021588A /* TestStack.swift */ = {isa = PBXFileReference; lastKnownFileType = sourcecode.swift; path = TestStack.swift; sourceTree = "<group>"; };
		3B9B98742B7023480021588A /* FeedCellView.swift */ = {isa = PBXFileReference; lastKnownFileType = sourcecode.swift; path = FeedCellView.swift; sourceTree = "<group>"; };
/* End PBXFileReference section */

/* Begin PBXFrameworksBuildPhase section */
		3B9B983D2B6FE05F0021588A /* Frameworks */ = {
			isa = PBXFrameworksBuildPhase;
			buildActionMask = 2147483647;
			files = (
			);
			runOnlyForDeploymentPostprocessing = 0;
		};
		3B9B984E2B6FE0600021588A /* Frameworks */ = {
			isa = PBXFrameworksBuildPhase;
			buildActionMask = 2147483647;
			files = (
			);
			runOnlyForDeploymentPostprocessing = 0;
		};
		3B9B98582B6FE0610021588A /* Frameworks */ = {
			isa = PBXFrameworksBuildPhase;
			buildActionMask = 2147483647;
			files = (
			);
			runOnlyForDeploymentPostprocessing = 0;
		};
/* End PBXFrameworksBuildPhase section */

/* Begin PBXGroup section */
		3B9B98372B6FE05F0021588A = {
			isa = PBXGroup;
			children = (
				3B9B98422B6FE05F0021588A /* Bereal */,
				3B9B98542B6FE0600021588A /* BerealTests */,
				3B9B985E2B6FE0610021588A /* BerealUITests */,
				3B9B98412B6FE05F0021588A /* Products */,
			);
			sourceTree = "<group>";
		};
		3B9B98412B6FE05F0021588A /* Products */ = {
			isa = PBXGroup;
			children = (
				3B9B98402B6FE05F0021588A /* Bereal.app */,
				3B9B98512B6FE0600021588A /* BerealTests.xctest */,
				3B9B985B2B6FE0610021588A /* BerealUITests.xctest */,
			);
			name = Products;
			sourceTree = "<group>";
		};
		3B9B98422B6FE05F0021588A /* Bereal */ = {
			isa = PBXGroup;
			children = (
				3B9B98432B6FE05F0021588A /* BerealApp.swift */,
				3B9B98452B6FE05F0021588A /* ContentView.swift */,
				3B9B98472B6FE0600021588A /* Assets.xcassets */,
				3B9B98492B6FE0600021588A /* Bereal.entitlements */,
				3B9B984A2B6FE0600021588A /* Preview Content */,
				3B9B98702B6FEB740021588A /* FeedView.swift */,
				3B9B98742B7023480021588A /* FeedCellView.swift */,
				3B9B98722B6FEBE80021588A /* TestStack.swift */,
			);
			path = Bereal;
			sourceTree = "<group>";
		};
		3B9B984A2B6FE0600021588A /* Preview Content */ = {
			isa = PBXGroup;
			children = (
				3B9B984B2B6FE0600021588A /* Preview Assets.xcassets */,
			);
			path = "Preview Content";
			sourceTree = "<group>";
		};
		3B9B98542B6FE0600021588A /* BerealTests */ = {
			isa = PBXGroup;
			children = (
				3B9B98552B6FE0600021588A /* BerealTests.swift */,
			);
			path = BerealTests;
			sourceTree = "<group>";
		};
		3B9B985E2B6FE0610021588A /* BerealUITests */ = {
			isa = PBXGroup;
			children = (
				3B9B985F2B6FE0610021588A /* BerealUITests.swift */,
				3B9B98612B6FE0610021588A /* BerealUITestsLaunchTests.swift */,
			);
			path = BerealUITests;
			sourceTree = "<group>";
		};
/* End PBXGroup section */

/* Begin PBXNativeTarget section */
		3B9B983F2B6FE05F0021588A /* Bereal */ = {
			isa = PBXNativeTarget;
			buildConfigurationList = 3B9B98652B6FE0610021588A /* Build configuration list for PBXNativeTarget "Bereal" */;
			buildPhases = (
				3B9B983C2B6FE05F0021588A /* Sources */,
				3B9B983D2B6FE05F0021588A /* Frameworks */,
				3B9B983E2B6FE05F0021588A /* Resources */,
			);
			buildRules = (
			);
			dependencies = (
			);
			name = Bereal;
			productName = Bereal;
			productReference = 3B9B98402B6FE05F0021588A /* Bereal.app */;
			productType = "com.apple.product-type.application";
		};
		3B9B98502B6FE0600021588A /* BerealTests */ = {
			isa = PBXNativeTarget;
			buildConfigurationList = 3B9B98682B6FE0610021588A /* Build configuration list for PBXNativeTarget "BerealTests" */;
			buildPhases = (
				3B9B984D2B6FE0600021588A /* Sources */,
				3B9B984E2B6FE0600021588A /* Frameworks */,
				3B9B984F2B6FE0600021588A /* Resources */,
			);
			buildRules = (
			);
			dependencies = (
				3B9B98532B6FE0600021588A /* PBXTargetDependency */,
			);
			name = BerealTests;
			productName = BerealTests;
			productReference = 3B9B98512B6FE0600021588A /* BerealTests.xctest */;
			productType = "com.apple.product-type.bundle.unit-test";
		};
		3B9B985A2B6FE0610021588A /* BerealUITests */ = {
			isa = PBXNativeTarget;
			buildConfigurationList = 3B9B986B2B6FE0610021588A /* Build configuration list for PBXNativeTarget "BerealUITests" */;
			buildPhases = (
				3B9B98572B6FE0610021588A /* Sources */,
				3B9B98582B6FE0610021588A /* Frameworks */,
				3B9B98592B6FE0610021588A /* Resources */,
			);
			buildRules = (
			);
			dependencies = (
				3B9B985D2B6FE0610021588A /* PBXTargetDependency */,
			);
			name = BerealUITests;
			productName = BerealUITests;
			productReference = 3B9B985B2B6FE0610021588A /* BerealUITests.xctest */;
			productType = "com.apple.product-type.bundle.ui-testing";
		};
/* End PBXNativeTarget section */

/* Begin PBXProject section */
		3B9B98382B6FE05F0021588A /* Project object */ = {
			isa = PBXProject;
			attributes = {
				BuildIndependentTargetsInParallel = 1;
				LastSwiftUpdateCheck = 1520;
				LastUpgradeCheck = 1520;
				TargetAttributes = {
					3B9B983F2B6FE05F0021588A = {
						CreatedOnToolsVersion = 15.2;
					};
					3B9B98502B6FE0600021588A = {
						CreatedOnToolsVersion = 15.2;
						TestTargetID = 3B9B983F2B6FE05F0021588A;
					};
					3B9B985A2B6FE0610021588A = {
						CreatedOnToolsVersion = 15.2;
						TestTargetID = 3B9B983F2B6FE05F0021588A;
					};
				};
			};
			buildConfigurationList = 3B9B983B2B6FE05F0021588A /* Build configuration list for PBXProject "Bereal" */;
			compatibilityVersion = "Xcode 14.0";
			developmentRegion = en;
			hasScannedForEncodings = 0;
			knownRegions = (
				en,
				Base,
			);
			mainGroup = 3B9B98372B6FE05F0021588A;
			productRefGroup = 3B9B98412B6FE05F0021588A /* Products */;
			projectDirPath = "";
			projectRoot = "";
			targets = (
				3B9B983F2B6FE05F0021588A /* Bereal */,
				3B9B98502B6FE0600021588A /* BerealTests */,
				3B9B985A2B6FE0610021588A /* BerealUITests */,
			);
		};
/* End PBXProject section */

/* Begin PBXResourcesBuildPhase section */
		3B9B983E2B6FE05F0021588A /* Resources */ = {
			isa = PBXResourcesBuildPhase;
			buildActionMask = 2147483647;
			files = (
				3B9B984C2B6FE0600021588A /* Preview Assets.xcassets in Resources */,
				3B9B98482B6FE0600021588A /* Assets.xcassets in Resources */,
			);
			runOnlyForDeploymentPostprocessing = 0;
		};
		3B9B984F2B6FE0600021588A /* Resources */ = {
			isa = PBXResourcesBuildPhase;
			buildActionMask = 2147483647;
			files = (
			);
			runOnlyForDeploymentPostprocessing = 0;
		};
		3B9B98592B6FE0610021588A /* Resources */ = {
			isa = PBXResourcesBuildPhase;
			buildActionMask = 2147483647;
			files = (
			);
			runOnlyForDeploymentPostprocessing = 0;
		};
/* End PBXResourcesBuildPhase section */

/* Begin PBXSourcesBuildPhase section */
		3B9B983C2B6FE05F0021588A /* Sources */ = {
			isa = PBXSourcesBuildPhase;
			buildActionMask = 2147483647;
			files = (
				3B9B98732B6FEBE80021588A /* TestStack.swift in Sources */,
				3B9B98462B6FE05F0021588A /* ContentView.swift in Sources */,
				3B9B98712B6FEB740021588A /* FeedView.swift in Sources */,
				3B9B98442B6FE05F0021588A /* BerealApp.swift in Sources */,
				3B9B98752B7023480021588A /* FeedCellView.swift in Sources */,
			);
			runOnlyForDeploymentPostprocessing = 0;
		};
		3B9B984D2B6FE0600021588A /* Sources */ = {
			isa = PBXSourcesBuildPhase;
			buildActionMask = 2147483647;
			files = (
				3B9B98562B6FE0600021588A /* BerealTests.swift in Sources */,
			);
			runOnlyForDeploymentPostprocessing = 0;
		};
		3B9B98572B6FE0610021588A /* Sources */ = {
			isa = PBXSourcesBuildPhase;
			buildActionMask = 2147483647;
			files = (
				3B9B98602B6FE0610021588A /* BerealUITests.swift in Sources */,
				3B9B98622B6FE0610021588A /* BerealUITestsLaunchTests.swift in Sources */,
			);
			runOnlyForDeploymentPostprocessing = 0;
		};
/* End PBXSourcesBuildPhase section */

/* Begin PBXTargetDependency section */
		3B9B98532B6FE0600021588A /* PBXTargetDependency */ = {
			isa = PBXTargetDependency;
			target = 3B9B983F2B6FE05F0021588A /* Bereal */;
			targetProxy = 3B9B98522B6FE0600021588A /* PBXContainerItemProxy */;
		};
		3B9B985D2B6FE0610021588A /* PBXTargetDependency */ = {
			isa = PBXTargetDependency;
			target = 3B9B983F2B6FE05F0021588A /* Bereal */;
			targetProxy = 3B9B985C2B6FE0610021588A /* PBXContainerItemProxy */;
		};
/* End PBXTargetDependency section */

/* Begin XCBuildConfiguration section */
		3B9B98632B6FE0610021588A /* Debug */ = {
			isa = XCBuildConfiguration;
			buildSettings = {
				ALWAYS_SEARCH_USER_PATHS = NO;
				ASSETCATALOG_COMPILER_GENERATE_SWIFT_ASSET_SYMBOL_EXTENSIONS = YES;
				CLANG_ANALYZER_NONNULL = YES;
				CLANG_ANALYZER_NUMBER_OBJECT_CONVERSION = YES_AGGRESSIVE;
				CLANG_CXX_LANGUAGE_STANDARD = "gnu++20";
				CLANG_ENABLE_MODULES = YES;
				CLANG_ENABLE_OBJC_ARC = YES;
				CLANG_ENABLE_OBJC_WEAK = YES;
				CLANG_WARN_BLOCK_CAPTURE_AUTORELEASING = YES;
				CLANG_WARN_BOOL_CONVERSION = YES;
				CLANG_WARN_COMMA = YES;
				CLANG_WARN_CONSTANT_CONVERSION = YES;
				CLANG_WARN_DEPRECATED_OBJC_IMPLEMENTATIONS = YES;
				CLANG_WARN_DIRECT_OBJC_ISA_USAGE = YES_ERROR;
				CLANG_WARN_DOCUMENTATION_COMMENTS = YES;
				CLANG_WARN_EMPTY_BODY = YES;
				CLANG_WARN_ENUM_CONVERSION = YES;
				CLANG_WARN_INFINITE_RECURSION = YES;
				CLANG_WARN_INT_CONVERSION = YES;
				CLANG_WARN_NON_LITERAL_NULL_CONVERSION = YES;
				CLANG_WARN_OBJC_IMPLICIT_RETAIN_SELF = YES;
				CLANG_WARN_OBJC_LITERAL_CONVERSION = YES;
				CLANG_WARN_OBJC_ROOT_CLASS = YES_ERROR;
				CLANG_WARN_QUOTED_INCLUDE_IN_FRAMEWORK_HEADER = YES;
				CLANG_WARN_RANGE_LOOP_ANALYSIS = YES;
				CLANG_WARN_STRICT_PROTOTYPES = YES;
				CLANG_WARN_SUSPICIOUS_MOVE = YES;
				CLANG_WARN_UNGUARDED_AVAILABILITY = YES_AGGRESSIVE;
				CLANG_WARN_UNREACHABLE_CODE = YES;
				CLANG_WARN__DUPLICATE_METHOD_MATCH = YES;
				COPY_PHASE_STRIP = NO;
				DEBUG_INFORMATION_FORMAT = dwarf;
				ENABLE_STRICT_OBJC_MSGSEND = YES;
				ENABLE_TESTABILITY = YES;
				ENABLE_USER_SCRIPT_SANDBOXING = YES;
				GCC_C_LANGUAGE_STANDARD = gnu17;
				GCC_DYNAMIC_NO_PIC = NO;
				GCC_NO_COMMON_BLOCKS = YES;
				GCC_OPTIMIZATION_LEVEL = 0;
				GCC_PREPROCESSOR_DEFINITIONS = (
					"DEBUG=1",
					"$(inherited)",
				);
				GCC_WARN_64_TO_32_BIT_CONVERSION = YES;
				GCC_WARN_ABOUT_RETURN_TYPE = YES_ERROR;
				GCC_WARN_UNDECLARED_SELECTOR = YES;
				GCC_WARN_UNINITIALIZED_AUTOS = YES_AGGRESSIVE;
				GCC_WARN_UNUSED_FUNCTION = YES;
				GCC_WARN_UNUSED_VARIABLE = YES;
				LOCALIZATION_PREFERS_STRING_CATALOGS = YES;
				MTL_ENABLE_DEBUG_INFO = INCLUDE_SOURCE;
				MTL_FAST_MATH = YES;
				ONLY_ACTIVE_ARCH = YES;
				SWIFT_ACTIVE_COMPILATION_CONDITIONS = "DEBUG $(inherited)";
				SWIFT_OPTIMIZATION_LEVEL = "-Onone";
			};
			name = Debug;
		};
		3B9B98642B6FE0610021588A /* Release */ = {
			isa = XCBuildConfiguration;
			buildSettings = {
				ALWAYS_SEARCH_USER_PATHS = NO;
				ASSETCATALOG_COMPILER_GENERATE_SWIFT_ASSET_SYMBOL_EXTENSIONS = YES;
				CLANG_ANALYZER_NONNULL = YES;
				CLANG_ANALYZER_NUMBER_OBJECT_CONVERSION = YES_AGGRESSIVE;
				CLANG_CXX_LANGUAGE_STANDARD = "gnu++20";
				CLANG_ENABLE_MODULES = YES;
				CLANG_ENABLE_OBJC_ARC = YES;
				CLANG_ENABLE_OBJC_WEAK = YES;
				CLANG_WARN_BLOCK_CAPTURE_AUTORELEASING = YES;
				CLANG_WARN_BOOL_CONVERSION = YES;
				CLANG_WARN_COMMA = YES;
				CLANG_WARN_CONSTANT_CONVERSION = YES;
				CLANG_WARN_DEPRECATED_OBJC_IMPLEMENTATIONS = YES;
				CLANG_WARN_DIRECT_OBJC_ISA_USAGE = YES_ERROR;
				CLANG_WARN_DOCUMENTATION_COMMENTS = YES;
				CLANG_WARN_EMPTY_BODY = YES;
				CLANG_WARN_ENUM_CONVERSION = YES;
				CLANG_WARN_INFINITE_RECURSION = YES;
				CLANG_WARN_INT_CONVERSION = YES;
				CLANG_WARN_NON_LITERAL_NULL_CONVERSION = YES;
				CLANG_WARN_OBJC_IMPLICIT_RETAIN_SELF = YES;
				CLANG_WARN_OBJC_LITERAL_CONVERSION = YES;
				CLANG_WARN_OBJC_ROOT_CLASS = YES_ERROR;
				CLANG_WARN_QUOTED_INCLUDE_IN_FRAMEWORK_HEADER = YES;
				CLANG_WARN_RANGE_LOOP_ANALYSIS = YES;
				CLANG_WARN_STRICT_PROTOTYPES = YES;
				CLANG_WARN_SUSPICIOUS_MOVE = YES;
				CLANG_WARN_UNGUARDED_AVAILABILITY = YES_AGGRESSIVE;
				CLANG_WARN_UNREACHABLE_CODE = YES;
				CLANG_WARN__DUPLICATE_METHOD_MATCH = YES;
				COPY_PHASE_STRIP = NO;
				DEBUG_INFORMATION_FORMAT = "dwarf-with-dsym";
				ENABLE_NS_ASSERTIONS = NO;
				ENABLE_STRICT_OBJC_MSGSEND = YES;
				ENABLE_USER_SCRIPT_SANDBOXING = YES;
				GCC_C_LANGUAGE_STANDARD = gnu17;
				GCC_NO_COMMON_BLOCKS = YES;
				GCC_WARN_64_TO_32_BIT_CONVERSION = YES;
				GCC_WARN_ABOUT_RETURN_TYPE = YES_ERROR;
				GCC_WARN_UNDECLARED_SELECTOR = YES;
				GCC_WARN_UNINITIALIZED_AUTOS = YES_AGGRESSIVE;
				GCC_WARN_UNUSED_FUNCTION = YES;
				GCC_WARN_UNUSED_VARIABLE = YES;
				LOCALIZATION_PREFERS_STRING_CATALOGS = YES;
				MTL_ENABLE_DEBUG_INFO = NO;
				MTL_FAST_MATH = YES;
				SWIFT_COMPILATION_MODE = wholemodule;
			};
			name = Release;
		};
		3B9B98662B6FE0610021588A /* Debug */ = {
			isa = XCBuildConfiguration;
			buildSettings = {
				ASSETCATALOG_COMPILER_APPICON_NAME = AppIcon;
				ASSETCATALOG_COMPILER_GLOBAL_ACCENT_COLOR_NAME = AccentColor;
				CODE_SIGN_ENTITLEMENTS = Bereal/Bereal.entitlements;
				CODE_SIGN_STYLE = Automatic;
				CURRENT_PROJECT_VERSION = 1;
				DEVELOPMENT_ASSET_PATHS = "\"Bereal/Preview Content\"";
				DEVELOPMENT_TEAM = CHPJPFZ3LF;
				ENABLE_HARDENED_RUNTIME = YES;
				ENABLE_PREVIEWS = YES;
				GENERATE_INFOPLIST_FILE = YES;
				INFOPLIST_KEY_CFBundleDisplayName = BeReal.;
				"INFOPLIST_KEY_UIApplicationSceneManifest_Generation[sdk=iphoneos*]" = YES;
				"INFOPLIST_KEY_UIApplicationSceneManifest_Generation[sdk=iphonesimulator*]" = YES;
				"INFOPLIST_KEY_UIApplicationSupportsIndirectInputEvents[sdk=iphoneos*]" = YES;
				"INFOPLIST_KEY_UIApplicationSupportsIndirectInputEvents[sdk=iphonesimulator*]" = YES;
				"INFOPLIST_KEY_UILaunchScreen_Generation[sdk=iphoneos*]" = YES;
				"INFOPLIST_KEY_UILaunchScreen_Generation[sdk=iphonesimulator*]" = YES;
				"INFOPLIST_KEY_UIStatusBarStyle[sdk=iphoneos*]" = UIStatusBarStyleDefault;
				"INFOPLIST_KEY_UIStatusBarStyle[sdk=iphonesimulator*]" = UIStatusBarStyleDefault;
				INFOPLIST_KEY_UISupportedInterfaceOrientations_iPad = "UIInterfaceOrientationPortrait UIInterfaceOrientationPortraitUpsideDown UIInterfaceOrientationLandscapeLeft UIInterfaceOrientationLandscapeRight";
				INFOPLIST_KEY_UISupportedInterfaceOrientations_iPhone = "UIInterfaceOrientationPortrait UIInterfaceOrientationLandscapeLeft UIInterfaceOrientationLandscapeRight";
				IPHONEOS_DEPLOYMENT_TARGET = 17.2;
				LD_RUNPATH_SEARCH_PATHS = "@executable_path/Frameworks";
				"LD_RUNPATH_SEARCH_PATHS[sdk=macosx*]" = "@executable_path/../Frameworks";
				MACOSX_DEPLOYMENT_TARGET = 14.2;
				MARKETING_VERSION = 1.0;
				PRODUCT_BUNDLE_IDENTIFIER = org.aydat.Landmarks.Bereal;
				PRODUCT_NAME = "$(TARGET_NAME)";
				SDKROOT = auto;
				SUPPORTED_PLATFORMS = "iphoneos iphonesimulator macosx";
				SWIFT_EMIT_LOC_STRINGS = YES;
				SWIFT_VERSION = 5.0;
				TARGETED_DEVICE_FAMILY = "1,2";
			};
			name = Debug;
		};
		3B9B98672B6FE0610021588A /* Release */ = {
			isa = XCBuildConfiguration;
			buildSettings = {
				ASSETCATALOG_COMPILER_APPICON_NAME = AppIcon;
				ASSETCATALOG_COMPILER_GLOBAL_ACCENT_COLOR_NAME = AccentColor;
				CODE_SIGN_ENTITLEMENTS = Bereal/Bereal.entitlements;
				CODE_SIGN_STYLE = Automatic;
				CURRENT_PROJECT_VERSION = 1;
				DEVELOPMENT_ASSET_PATHS = "\"Bereal/Preview Content\"";
				DEVELOPMENT_TEAM = CHPJPFZ3LF;
				ENABLE_HARDENED_RUNTIME = YES;
				ENABLE_PREVIEWS = YES;
				GENERATE_INFOPLIST_FILE = YES;
				INFOPLIST_KEY_CFBundleDisplayName = BeReal.;
				"INFOPLIST_KEY_UIApplicationSceneManifest_Generation[sdk=iphoneos*]" = YES;
				"INFOPLIST_KEY_UIApplicationSceneManifest_Generation[sdk=iphonesimulator*]" = YES;
				"INFOPLIST_KEY_UIApplicationSupportsIndirectInputEvents[sdk=iphoneos*]" = YES;
				"INFOPLIST_KEY_UIApplicationSupportsIndirectInputEvents[sdk=iphonesimulator*]" = YES;
				"INFOPLIST_KEY_UILaunchScreen_Generation[sdk=iphoneos*]" = YES;
				"INFOPLIST_KEY_UILaunchScreen_Generation[sdk=iphonesimulator*]" = YES;
				"INFOPLIST_KEY_UIStatusBarStyle[sdk=iphoneos*]" = UIStatusBarStyleDefault;
				"INFOPLIST_KEY_UIStatusBarStyle[sdk=iphonesimulator*]" = UIStatusBarStyleDefault;
				INFOPLIST_KEY_UISupportedInterfaceOrientations_iPad = "UIInterfaceOrientationPortrait UIInterfaceOrientationPortraitUpsideDown UIInterfaceOrientationLandscapeLeft UIInterfaceOrientationLandscapeRight";
				INFOPLIST_KEY_UISupportedInterfaceOrientations_iPhone = "UIInterfaceOrientationPortrait UIInterfaceOrientationLandscapeLeft UIInterfaceOrientationLandscapeRight";
				IPHONEOS_DEPLOYMENT_TARGET = 17.2;
				LD_RUNPATH_SEARCH_PATHS = "@executable_path/Frameworks";
				"LD_RUNPATH_SEARCH_PATHS[sdk=macosx*]" = "@executable_path/../Frameworks";
				MACOSX_DEPLOYMENT_TARGET = 14.2;
				MARKETING_VERSION = 1.0;
				PRODUCT_BUNDLE_IDENTIFIER = org.aydat.Landmarks.Bereal;
				PRODUCT_NAME = "$(TARGET_NAME)";
				SDKROOT = auto;
				SUPPORTED_PLATFORMS = "iphoneos iphonesimulator macosx";
				SWIFT_EMIT_LOC_STRINGS = YES;
				SWIFT_VERSION = 5.0;
				TARGETED_DEVICE_FAMILY = "1,2";
			};
			name = Release;
		};
		3B9B98692B6FE0610021588A /* Debug */ = {
			isa = XCBuildConfiguration;
			buildSettings = {
				ALWAYS_EMBED_SWIFT_STANDARD_LIBRARIES = YES;
				BUNDLE_LOADER = "$(TEST_HOST)";
				CODE_SIGN_STYLE = Automatic;
				CURRENT_PROJECT_VERSION = 1;
				DEVELOPMENT_TEAM = CHPJPFZ3LF;
				GENERATE_INFOPLIST_FILE = YES;
				IPHONEOS_DEPLOYMENT_TARGET = 17.2;
				MACOSX_DEPLOYMENT_TARGET = 14.2;
				MARKETING_VERSION = 1.0;
				PRODUCT_BUNDLE_IDENTIFIER = org.aydat.Landmarks.BerealTests;
				PRODUCT_NAME = "$(TARGET_NAME)";
				SDKROOT = auto;
				SUPPORTED_PLATFORMS = "iphoneos iphonesimulator macosx";
				SWIFT_EMIT_LOC_STRINGS = NO;
				SWIFT_VERSION = 5.0;
				TARGETED_DEVICE_FAMILY = "1,2";
				TEST_HOST = "$(BUILT_PRODUCTS_DIR)/Bereal.app/$(BUNDLE_EXECUTABLE_FOLDER_PATH)/Bereal";
			};
			name = Debug;
		};
		3B9B986A2B6FE0610021588A /* Release */ = {
			isa = XCBuildConfiguration;
			buildSettings = {
				ALWAYS_EMBED_SWIFT_STANDARD_LIBRARIES = YES;
				BUNDLE_LOADER = "$(TEST_HOST)";
				CODE_SIGN_STYLE = Automatic;
				CURRENT_PROJECT_VERSION = 1;
				DEVELOPMENT_TEAM = CHPJPFZ3LF;
				GENERATE_INFOPLIST_FILE = YES;
				IPHONEOS_DEPLOYMENT_TARGET = 17.2;
				MACOSX_DEPLOYMENT_TARGET = 14.2;
				MARKETING_VERSION = 1.0;
				PRODUCT_BUNDLE_IDENTIFIER = org.aydat.Landmarks.BerealTests;
				PRODUCT_NAME = "$(TARGET_NAME)";
				SDKROOT = auto;
				SUPPORTED_PLATFORMS = "iphoneos iphonesimulator macosx";
				SWIFT_EMIT_LOC_STRINGS = NO;
				SWIFT_VERSION = 5.0;
				TARGETED_DEVICE_FAMILY = "1,2";
				TEST_HOST = "$(BUILT_PRODUCTS_DIR)/Bereal.app/$(BUNDLE_EXECUTABLE_FOLDER_PATH)/Bereal";
			};
			name = Release;
		};
		3B9B986C2B6FE0610021588A /* Debug */ = {
			isa = XCBuildConfiguration;
			buildSettings = {
				ALWAYS_EMBED_SWIFT_STANDARD_LIBRARIES = YES;
				CODE_SIGN_STYLE = Automatic;
				CURRENT_PROJECT_VERSION = 1;
				DEVELOPMENT_TEAM = CHPJPFZ3LF;
				GENERATE_INFOPLIST_FILE = YES;
				IPHONEOS_DEPLOYMENT_TARGET = 17.2;
				MACOSX_DEPLOYMENT_TARGET = 14.2;
				MARKETING_VERSION = 1.0;
				PRODUCT_BUNDLE_IDENTIFIER = org.aydat.Landmarks.BerealUITests;
				PRODUCT_NAME = "$(TARGET_NAME)";
				SDKROOT = auto;
				SUPPORTED_PLATFORMS = "iphoneos iphonesimulator macosx";
				SWIFT_EMIT_LOC_STRINGS = NO;
				SWIFT_VERSION = 5.0;
				TARGETED_DEVICE_FAMILY = "1,2";
				TEST_TARGET_NAME = Bereal;
			};
			name = Debug;
		};
		3B9B986D2B6FE0610021588A /* Release */ = {
			isa = XCBuildConfiguration;
			buildSettings = {
				ALWAYS_EMBED_SWIFT_STANDARD_LIBRARIES = YES;
				CODE_SIGN_STYLE = Automatic;
				CURRENT_PROJECT_VERSION = 1;
				DEVELOPMENT_TEAM = CHPJPFZ3LF;
				GENERATE_INFOPLIST_FILE = YES;
				IPHONEOS_DEPLOYMENT_TARGET = 17.2;
				MACOSX_DEPLOYMENT_TARGET = 14.2;
				MARKETING_VERSION = 1.0;
				PRODUCT_BUNDLE_IDENTIFIER = org.aydat.Landmarks.BerealUITests;
				PRODUCT_NAME = "$(TARGET_NAME)";
				SDKROOT = auto;
				SUPPORTED_PLATFORMS = "iphoneos iphonesimulator macosx";
				SWIFT_EMIT_LOC_STRINGS = NO;
				SWIFT_VERSION = 5.0;
				TARGETED_DEVICE_FAMILY = "1,2";
				TEST_TARGET_NAME = Bereal;
			};
			name = Release;
		};
/* End XCBuildConfiguration section */

/* Begin XCConfigurationList section */
		3B9B983B2B6FE05F0021588A /* Build configuration list for PBXProject "Bereal" */ = {
			isa = XCConfigurationList;
			buildConfigurations = (
				3B9B98632B6FE0610021588A /* Debug */,
				3B9B98642B6FE0610021588A /* Release */,
			);
			defaultConfigurationIsVisible = 0;
			defaultConfigurationName = Release;
		};
		3B9B98652B6FE0610021588A /* Build configuration list for PBXNativeTarget "Bereal" */ = {
			isa = XCConfigurationList;
			buildConfigurations = (
				3B9B98662B6FE0610021588A /* Debug */,
				3B9B98672B6FE0610021588A /* Release */,
			);
			defaultConfigurationIsVisible = 0;
			defaultConfigurationName = Release;
		};
		3B9B98682B6FE0610021588A /* Build configuration list for PBXNativeTarget "BerealTests" */ = {
			isa = XCConfigurationList;
			buildConfigurations = (
				3B9B98692B6FE0610021588A /* Debug */,
				3B9B986A2B6FE0610021588A /* Release */,
			);
			defaultConfigurationIsVisible = 0;
			defaultConfigurationName = Release;
		};
		3B9B986B2B6FE0610021588A /* Build configuration list for PBXNativeTarget "BerealUITests" */ = {
			isa = XCConfigurationList;
			buildConfigurations = (
				3B9B986C2B6FE0610021588A /* Debug */,
				3B9B986D2B6FE0610021588A /* Release */,
			);
			defaultConfigurationIsVisible = 0;
			defaultConfigurationName = Release;
		};
/* End XCConfigurationList section */
	};
	rootObject = 3B9B98382B6FE05F0021588A /* Project object */;
}
